PODS:
  - appinio_social_share (0.0.1):
    - FBSDKCoreKit (= 16.2.0)
    - FBSDKShareKit (= 16.2.0)
    - Flutter
    - TikTokOpenSDK (= 5.0.15)
  - FBAEMKit (16.2.0):
    - FBSDKCoreKit_Basics (= 16.2.0)
  - FBSDKCoreKit (16.2.0):
    - FBAEMKit (= 16.2.0)
    - FBSDKCoreKit_Basics (= 16.2.0)
  - FBSDKCoreKit_Basics (16.2.0)
  - FBSDKShareKit (16.2.0):
    - FBSDKCoreKit (= 16.2.0)
  - Flutter (1.0.0)
  - TikTokOpenSDK (5.0.15)

DEPENDENCIES:
  - appinio_social_share (from `.symlinks/plugins/appinio_social_share/ios`)
  - Flutter (from `Flutter`)

SPEC REPOS:
  trunk:
    - FBAEMKit
    - FBSDKCoreKit
    - FBSDKCoreKit_Basics
    - FBSDKShareKit
    - TikTokOpenSDK

EXTERNAL SOURCES:
  appinio_social_share:
    :path: ".symlinks/plugins/appinio_social_share/ios"
  Flutter:
    :path: Flutter

SPEC CHECKSUMS:
  appinio_social_share: cedb9f7e5d470eda1858f49f697bad8fab8680d7
  FBAEMKit: 5facf4292bff062963f563d68fd5c0cdd6c90d63
  FBSDKCoreKit: f94e107ae84a6f4c0d9edfd06ed989b084bfa5bb
  FBSDKCoreKit_Basics: 8123411ba15df07f9a8da760630f4cdfeeaea6a7
  FBSDKShareKit: a29437fda0100bb96ba0b5cbb5eb3a21803ae1d2
  Flutter: f04841e97a9d0b0a8025694d0796dd46242b2854
  TikTokOpenSDK: dc1199ba9c6d7815aee0eaca6ec80ad13f7d9c1f

PODFILE CHECKSUM: 775997f741c536251164e3eacf6e34abf2eb7a17

COCOAPODS: 1.13.0
