PODS:
  - appinio_social_share (0.0.2):
    - FBSDKCoreKit (= 16.3.1)
    - FBSDKShareKit (= 16.3.1)
    - Flutter
    - TikTokOpenSDK (= 5.0.15)
  - FBAEMKit (16.3.1):
    - FBSDKCoreKit_Basics (= 16.3.1)
  - FBSDKCoreKit (16.3.1):
    - FBAEMKit (= 16.3.1)
    - FBSDKCoreKit_Basics (= 16.3.1)
  - FBSDKCoreKit_Basics (16.3.1)
  - FBSDKShareKit (16.3.1):
    - FBSDKCoreKit (= 16.3.1)
  - Flutter (1.0.0)
  - TikTokOpenSDK (5.0.15)

DEPENDENCIES:
  - appinio_social_share (from `.symlinks/plugins/appinio_social_share/ios`)
  - Flutter (from `Flutter`)

SPEC REPOS:
  trunk:
    - FBAEMKit
    - FBSDKCoreKit
    - FBSDKCoreKit_Basics
    - FBSDKShareKit
    - TikTokOpenSDK

EXTERNAL SOURCES:
  appinio_social_share:
    :path: ".symlinks/plugins/appinio_social_share/ios"
  Flutter:
    :path: Flutter

SPEC CHECKSUMS:
  appinio_social_share: fc9891e854bdcf17d443ae4e7e54b46f8d0f7c63
  FBAEMKit: 6c7b5eb77c96861bb59e040842c6e55bf39512ce
  FBSDKCoreKit: 5e4dd478947ab1bcc887e8cfadeae0727af1a942
  FBSDKCoreKit_Basics: cd7b5f5d1e8868c26706917919d058999ca672c3
  FBSDKShareKit: d9269157b4e9620f0bc1a461c5ead35a65cede9a
  Flutter: e0871f40cf51350855a761d2e70bf5af5b9b5de7
  TikTokOpenSDK: dc1199ba9c6d7815aee0eaca6ec80ad13f7d9c1f

PODFILE CHECKSUM: 775997f741c536251164e3eacf6e34abf2eb7a17

COCOAPODS: 1.14.3
